
Microsoft Visual Studio Solution File, Format Version 12.00
# Visual Studio Version 17
VisualStudioVersion = 17.7.34031.279
MinimumVisualStudioVersion = 10.0.40219.1
Project("{9A19103F-16F7-4668-BE54-9A1E7A4F7556}") = "LiteDBDemo", "LiteDBDemo\LiteDBDemo.csproj", "{7848E64B-8DA1-43F7-A41D-B9CF5241DD4E}"
EndProject
Global
	GlobalSection(SolutionConfigurationPlatforms) = preSolution
		Debug|Any CPU = Debug|Any CPU
		Release|Any CPU = Release|Any CPU
	EndGlobalSection
	GlobalSection(ProjectConfigurationPlatforms) = postSolution
		{7848E64B-8DA1-43F7-A41D-B9CF5241DD4E}.Debug|Any CPU.ActiveCfg = Debug|Any CPU
		{7848E64B-8DA1-43F7-A41D-B9CF5241DD4E}.Debug|Any CPU.Build.0 = Debug|Any CPU
		{7848E64B-8DA1-43F7-A41D-B9CF5241DD4E}.Debug|Any CPU.Deploy.0 = Debug|Any CPU
		{7848E64B-8DA1-43F7-A41D-B9CF5241DD4E}.Release|Any CPU.ActiveCfg = Release|Any CPU
		{7848E64B-8DA1-43F7-A41D-B9CF5241DD4E}.Release|Any CPU.Build.0 = Release|Any CPU
		{7848E64B-8DA1-43F7-A41D-B9CF5241DD4E}.Release|Any CPU.Deploy.0 = Release|Any CPU
	EndGlobalSection
	GlobalSection(SolutionProperties) = preSolution
		HideSolutionNode = FALSE
	EndGlobalSection
	GlobalSection(ExtensibilityGlobals) = postSolution
		SolutionGuid = {539B8258-F037-49EF-97A5-9896034E3257}
	EndGlobalSection
EndGlobal
